{
  "R": {
    "Version": "4.3.1",
    "Repositories": [
      {
        "Name": "CRAN",
        "URL": "https://packagemanager.posit.co/cran/latest"
      }
    ]
  },
  "Packages": {
    "CohortGenerator": {
      "Package": "CohortGenerator",
      "Version": "0.11.2",
      "Source": "GitHub",
      "Type": "Package",
      "Title": "Cohort Generation for the OMOP Common Data Model",
      "Date": "2024-09-30",
      "Authors@R": "c( person(\"Anthony\", \"Sena\", email = \"sena@ohdsi.org\", role = c(\"aut\", \"cre\")), person(\"Jamie\", \"Gilbert\", role = c(\"aut\")), person(\"Gowtham\", \"Rao\", email = \"gowthamrao@gmail.com\", role = c(\"aut\")), person(\"Martijn\", \"Schuemie\", email = \"schuemie@ohdsi.org\", role = c(\"aut\")), person(\"Observational Health Data Science and Informatics\", role = c(\"cph\")) )",
      "Maintainer": "Anthony Sena <sena@ohdsi.org>",
      "Description": "Generate cohorts and subsets using an Observational  Medical Outcomes Partnership (OMOP) Common Data Model (CDM) Database.  Cohorts are  defined using 'CIRCE' (<https://github.com/ohdsi/circe-be>) or  SQL compatible with 'SqlRender' (<https://github.com/OHDSI/SqlRender>).",
      "Depends": [
        "DatabaseConnector (>= 5.0.0)",
        "R (>= 3.6.0)",
        "R6"
      ],
      "Imports": [
        "checkmate",
        "digest",
        "dplyr",
        "lubridate",
        "methods",
        "ParallelLogger (>= 3.0.0)",
        "readr (>= 2.1.0)",
        "rlang",
        "RJSONIO",
        "jsonlite",
        "ResultModelManager",
        "SqlRender (>= 1.11.1)",
        "stringi (>= 1.7.6)",
        "tibble"
      ],
      "Suggests": [
        "CirceR (>= 1.1.1)",
        "Eunomia",
        "knitr",
        "rmarkdown",
        "testthat",
        "withr",
        "zip"
      ],
      "License": "Apache License",
      "VignetteBuilder": "knitr",
      "URL": "https://ohdsi.github.io/CohortGenerator/, https://github.com/OHDSI/CohortGenerator",
      "BugReports": "https://github.com/OHDSI/CohortGenerator/issues",
      "RoxygenNote": "7.3.1",
      "Encoding": "UTF-8",
      "Language": "en-US",
      "Author": "Anthony Sena [aut, cre], Jamie Gilbert [aut], Gowtham Rao [aut], Martijn Schuemie [aut], Observational Health Data Science and Informatics [cph]",
      "RemoteType": "github",
      "RemoteHost": "api.github.com",
      "RemoteUsername": "ohdsi",
      "RemoteRepo": "CohortGenerator",
      "RemoteRef": "main",
      "RemoteSha": "fc286833dde208cbe2ad2e0f1d20a21827be107f"
    },
    "PatientLevelPrediction": {
      "Package": "PatientLevelPrediction",
      "Version": "6.4.0",
      "Source": "GitHub",
      "Type": "Package",
      "Title": "Develop Clinical Prediction Models Using the Common Data Model",
      "Date": "2025-02-05",
      "Authors@R": "c( person(\"Egill\", \"Fridgeirsson\", email = \"e.fridgeirsson@erasmusmc.nl\", role = c(\"aut\", \"cre\")), person(\"Jenna\", \"Reps\", email = \"jreps@its.jnj.com\", role = c(\"aut\")), person(\"Martijn\", \"Schuemie\", role = c(\"aut\")), person(\"Marc\", \"Suchard\", role = c(\"aut\")), person(\"Patrick\", \"Ryan\", role = c(\"aut\")), person(\"Peter\", \"Rijnbeek\", role = c(\"aut\")), person(\"Observational Health Data Science and Informatics\", role = c(\"cph\")))",
      "Description": "A user friendly way to create patient level prediction models using the Observational Medical Outcomes Partnership Common Data Model. Given a cohort of interest and an outcome of interest, the package can use data in the Common Data Model to build a large set of features. These features can then be used to fit a predictive model with a number of machine learning algorithms. This is further described in Reps (2017) <doi:10.1093/jamia/ocy032>.",
      "License": "Apache License 2.0",
      "URL": "https://ohdsi.github.io/PatientLevelPrediction/, https://github.com/OHDSI/PatientLevelPrediction",
      "BugReports": "https://github.com/OHDSI/PatientLevelPrediction/issues",
      "VignetteBuilder": "knitr",
      "Depends": [
        "R (>= 4.0.0)"
      ],
      "Imports": [
        "Andromeda",
        "Cyclops (>= 3.0.0)",
        "DatabaseConnector (>= 6.0.0)",
        "digest",
        "dplyr",
        "FeatureExtraction (>= 3.0.0)",
        "Matrix",
        "memuse",
        "ParallelLogger (>= 2.0.0)",
        "pROC",
        "PRROC",
        "rlang",
        "SqlRender (>= 1.1.3)",
        "tidyr",
        "utils"
      ],
      "Suggests": [
        "curl",
        "Eunomia (>= 2.0.0)",
        "glmnet",
        "ggplot2",
        "gridExtra",
        "IterativeHardThresholding",
        "knitr",
        "lightgbm",
        "Metrics",
        "mgcv",
        "OhdsiShinyAppBuilder (>= 1.0.0)",
        "parallel",
        "polspline",
        "readr",
        "ResourceSelection",
        "ResultModelManager (>= 0.2.0)",
        "reticulate (>= 1.30)",
        "rmarkdown",
        "RSQLite",
        "scoring",
        "survival",
        "survminer",
        "testthat",
        "withr",
        "xgboost (> 1.3.2.1)"
      ],
      "RoxygenNote": "7.3.2",
      "Encoding": "UTF-8",
      "Config/testthat/edition": "3",
      "Roxygen": "list(markdown = TRUE)",
      "Author": "Egill Fridgeirsson [aut, cre], Jenna Reps [aut], Martijn Schuemie [aut], Marc Suchard [aut], Patrick Ryan [aut], Peter Rijnbeek [aut], Observational Health Data Science and Informatics [cph]",
      "Maintainer": "Egill Fridgeirsson <e.fridgeirsson@erasmusmc.nl>",
      "RemoteType": "github",
      "RemoteHost": "api.github.com",
      "RemoteUsername": "ohdsi",
      "RemoteRepo": "PatientLevelPrediction",
      "RemoteRef": "main",
      "RemoteSha": "94e316df85f5eb6aa23988d4ee52084da18c7ade"
    },
    "ROhdsiWebApi": {
      "Package": "ROhdsiWebApi",
      "Version": "1.3.3",
      "Source": "GitHub",
      "Type": "Package",
      "Title": "Interacting With an OHDSI WebApi Instance",
      "Date": "2023-03-14",
      "Authors@R": "c( person(\"Gowtham\", \"Rao\", email = \"rao@ohdsi.org\", role = c(\"aut\", \"cre\")), person(\"Martijn\", \"Schuemie\", role = c(\"aut\")), person(\"Jamie\", \"Gilbert\", email = \"JGilber2@its.jnj.com\", role = c(\"aut\")), person(\"Observational Health Data Science and Informatics\", role = c(\"cph\")) )",
      "Maintainer": "Gowtham Rao <rao@ohdsi.org>",
      "Description": "ROhdsiWebApi is an R based interface to OHDSI WebAPI services, and performs GET/PULL/POST/DELETE calls via the WebApi.  All objects starting from R or output to R - are analysis ready R-objects like list and data.frame.  The package handles the intermediary steps by converting R-objects to JSON and vice versa.",
      "License": "Apache License 2.0",
      "Depends": [
        "R (>= 3.1.0)"
      ],
      "Imports": [
        "checkmate",
        "dplyr",
        "httr (>= 1.3.1)",
        "lubridate",
        "openxlsx (>= 4.0.17)",
        "purrr",
        "readr",
        "RJSONIO",
        "scales",
        "SqlRender",
        "stringr",
        "tibble",
        "tidyr",
        "rlang"
      ],
      "Suggests": [
        "testthat",
        "knitr",
        "rmarkdown",
        "httpuv",
        "jsonlite",
        "withr",
        "httptest",
        "stringi"
      ],
      "URL": "https://ohdsi.github.io/ROhdsiWebApi/, https://github.com/OHDSI/ROhdsiWebApi",
      "BugReports": "https://github.com/OHDSI/ROhdsiWebApi/issues",
      "NeedsCompilation": "no",
      "RoxygenNote": "7.2.3",
      "Encoding": "UTF-8",
      "VignetteBuilder": "knitr",
      "Language": "en-US",
      "Author": "Gowtham Rao [aut, cre], Martijn Schuemie [aut], Jamie Gilbert [aut], Observational Health Data Science and Informatics [cph]",
      "RemoteType": "github",
      "RemoteHost": "api.github.com",
      "RemoteUsername": "ohdsi",
      "RemoteRepo": "ROhdsiWebApi",
      "RemoteRef": "main",
      "RemoteSha": "455c81633de6d68dcd675ddb31f471c66e8fa332"
    },
    "renv": {
      "Package": "renv",
      "Version": "1.1.2",
      "Source": "Repository",
      "Type": "Package",
      "Title": "Project Environments",
      "Authors@R": "c( person(\"Kevin\", \"Ushey\", role = c(\"aut\", \"cre\"), email = \"kevin@rstudio.com\", comment = c(ORCID = \"0000-0003-2880-7407\")), person(\"Hadley\", \"Wickham\", role = c(\"aut\"), email = \"hadley@rstudio.com\", comment = c(ORCID = \"0000-0003-4757-117X\")), person(\"Posit Software, PBC\", role = c(\"cph\", \"fnd\")) )",
      "Description": "A dependency management toolkit for R. Using 'renv', you can create and manage project-local R libraries, save the state of these libraries to a 'lockfile', and later restore your library as required. Together, these tools can help make your projects more isolated, portable, and reproducible.",
      "License": "MIT + file LICENSE",
      "URL": "https://rstudio.github.io/renv/, https://github.com/rstudio/renv",
      "BugReports": "https://github.com/rstudio/renv/issues",
      "Imports": [
        "utils"
      ],
      "Suggests": [
        "BiocManager",
        "cli",
        "compiler",
        "covr",
        "cpp11",
        "devtools",
        "gitcreds",
        "jsonlite",
        "jsonvalidate",
        "knitr",
        "miniUI",
        "modules",
        "packrat",
        "pak",
        "R6",
        "remotes",
        "reticulate",
        "rmarkdown",
        "rstudioapi",
        "shiny",
        "testthat",
        "uuid",
        "waldo",
        "yaml",
        "webfakes"
      ],
      "Encoding": "UTF-8",
      "RoxygenNote": "7.3.2",
      "VignetteBuilder": "knitr",
      "Config/Needs/website": "tidyverse/tidytemplate",
      "Config/testthat/edition": "3",
      "Config/testthat/parallel": "true",
      "Config/testthat/start-first": "bioconductor,python,install,restore,snapshot,retrieve,remotes",
      "NeedsCompilation": "no",
      "Author": "Kevin Ushey [aut, cre] (<https://orcid.org/0000-0003-2880-7407>), Hadley Wickham [aut] (<https://orcid.org/0000-0003-4757-117X>), Posit Software, PBC [cph, fnd]",
      "Maintainer": "Kevin Ushey <kevin@rstudio.com>",
      "Repository": "CRAN"
    }
  }
}
